
Microsoft Visual Studio Solution File, Format Version 12.00
# Visual Studio Version 16
VisualStudioVersion = 16.0.32106.194
MinimumVisualStudioVersion = 10.0.40219.1
Project("{FAE04EC0-301F-11D3-BF4B-00C04F79EFBC}") = "BitCoinCalculator", "BitCoinCalculator\BitCoinCalculator.csproj", "{82D0CBC2-743E-4E39-9444-0455EB8F6FC0}"
EndProject
Global
	GlobalSection(SolutionConfigurationPlatforms) = preSolution
		Debug|Any CPU = Debug|Any CPU
		Release|Any CPU = Release|Any CPU
	EndGlobalSection
	GlobalSection(ProjectConfigurationPlatforms) = postSolution
		{82D0CBC2-743E-4E39-9444-0455EB8F6FC0}.Debug|Any CPU.ActiveCfg = Debug|Any CPU
		{82D0CBC2-743E-4E39-9444-0455EB8F6FC0}.Debug|Any CPU.Build.0 = Debug|Any CPU
		{82D0CBC2-743E-4E39-9444-0455EB8F6FC0}.Release|Any CPU.ActiveCfg = Release|Any CPU
		{82D0CBC2-743E-4E39-9444-0455EB8F6FC0}.Release|Any CPU.Build.0 = Release|Any CPU
	EndGlobalSection
	GlobalSection(SolutionProperties) = preSolution
		HideSolutionNode = FALSE
	EndGlobalSection
	GlobalSection(ExtensibilityGlobals) = postSolution
		SolutionGuid = {97F30F95-FE20-4557-AC88-A0FCB8509E33}
	EndGlobalSection
EndGlobal
